
Microsoft Visual Studio Solution File, Format Version 12.00
Project("{2150E333-8FDC-42A3-9474-1A3956D46DE8}") = "Host", "Host", "{609E1974-A53D-45E1-9D61-32E3824A5AB6}"
EndProject
Project("{FAE04EC0-301F-11D3-BF4B-00C04F79EFBC}") = "AppHost", "Host\AppHost\AppHost.csproj", "{12A068A8-DB81-4162-A230-6A9C647448CC}"
EndProject
Project("{FAE04EC0-301F-11D3-BF4B-00C04F79EFBC}") = "ServiceDefaults", "Host\ServiceDefaults\ServiceDefaults.csproj", "{0C2A7986-B853-4626-9701-BA8DF33A6FE5}"
EndProject
Project("{2150E333-8FDC-42A3-9474-1A3956D46DE8}") = "Services", "Services", "{5DFD4F73-7B97-408E-B4C9-6786501A6B8D}"
EndProject
Project("{2150E333-8FDC-42A3-9474-1A3956D46DE8}") = "Libs", "Libs", "{8D1347D6-9AD2-4707-B853-2C7B8EE48B9E}"
EndProject
Project("{FAE04EC0-301F-11D3-BF4B-00C04F79EFBC}") = "Core", "Core\Core.csproj", "{6732EA3E-91D9-46E3-81E5-20B62B109507}"
EndProject
Global
	GlobalSection(SolutionConfigurationPlatforms) = preSolution
		Debug|Any CPU = Debug|Any CPU
		Release|Any CPU = Release|Any CPU
	EndGlobalSection
	GlobalSection(ProjectConfigurationPlatforms) = postSolution
		{12A068A8-DB81-4162-A230-6A9C647448CC}.Debug|Any CPU.ActiveCfg = Debug|Any CPU
		{12A068A8-DB81-4162-A230-6A9C647448CC}.Debug|Any CPU.Build.0 = Debug|Any CPU
		{12A068A8-DB81-4162-A230-6A9C647448CC}.Release|Any CPU.ActiveCfg = Release|Any CPU
		{12A068A8-DB81-4162-A230-6A9C647448CC}.Release|Any CPU.Build.0 = Release|Any CPU
		{0C2A7986-B853-4626-9701-BA8DF33A6FE5}.Debug|Any CPU.ActiveCfg = Debug|Any CPU
		{0C2A7986-B853-4626-9701-BA8DF33A6FE5}.Debug|Any CPU.Build.0 = Debug|Any CPU
		{0C2A7986-B853-4626-9701-BA8DF33A6FE5}.Release|Any CPU.ActiveCfg = Release|Any CPU
		{0C2A7986-B853-4626-9701-BA8DF33A6FE5}.Release|Any CPU.Build.0 = Release|Any CPU
		{6732EA3E-91D9-46E3-81E5-20B62B109507}.Debug|Any CPU.ActiveCfg = Debug|Any CPU
		{6732EA3E-91D9-46E3-81E5-20B62B109507}.Debug|Any CPU.Build.0 = Debug|Any CPU
		{6732EA3E-91D9-46E3-81E5-20B62B109507}.Release|Any CPU.ActiveCfg = Release|Any CPU
		{6732EA3E-91D9-46E3-81E5-20B62B109507}.Release|Any CPU.Build.0 = Release|Any CPU
	EndGlobalSection
	GlobalSection(NestedProjects) = preSolution
		{12A068A8-DB81-4162-A230-6A9C647448CC} = {609E1974-A53D-45E1-9D61-32E3824A5AB6}
		{0C2A7986-B853-4626-9701-BA8DF33A6FE5} = {609E1974-A53D-45E1-9D61-32E3824A5AB6}
		{6732EA3E-91D9-46E3-81E5-20B62B109507} = {8D1347D6-9AD2-4707-B853-2C7B8EE48B9E}
	EndGlobalSection
EndGlobal
